
Microsoft Visual Studio Solution File, Format Version 12.00
# Visual Studio Version 17
VisualStudioVersion = 17.0.31903.59
MinimumVisualStudioVersion = 10.0.40219.1
Project("{FAE04EC0-301F-11D3-BF4B-00C04F79EFBC}") = "CodeSpace.Common", "CodeSpace.Common\CodeSpace.Common.csproj", "{BC67A791-BCB7-4BEF-8821-3B9066A7056E}"
EndProject
Project("{FAE04EC0-301F-11D3-BF4B-00C04F79EFBC}") = "CodeSpace.Api", "CodeSpace.Api\CodeSpace.Api.csproj", "{3F0E9621-A450-483E-89F9-7FDFD34A142A}"
EndProject
Project("{FAE04EC0-301F-11D3-BF4B-00C04F79EFBC}") = "CodeSpace.Web", "CodeSpace.Web\CodeSpace.Web.csproj", "{8A5A174B-A3F0-467F-9F0C-EA3093711754}"
EndProject
Global
	GlobalSection(SolutionConfigurationPlatforms) = preSolution
		Debug|Any CPU = Debug|Any CPU
		Release|Any CPU = Release|Any CPU
	EndGlobalSection
	GlobalSection(ProjectConfigurationPlatforms) = postSolution
		{BC67A791-BCB7-4BEF-8821-3B9066A7056E}.Debug|Any CPU.ActiveCfg = Debug|Any CPU
		{BC67A791-BCB7-4BEF-8821-3B9066A7056E}.Debug|Any CPU.Build.0 = Debug|Any CPU
		{BC67A791-BCB7-4BEF-8821-3B9066A7056E}.Release|Any CPU.ActiveCfg = Release|Any CPU
		{BC67A791-BCB7-4BEF-8821-3B9066A7056E}.Release|Any CPU.Build.0 = Release|Any CPU
		{3F0E9621-A450-483E-89F9-7FDFD34A142A}.Debug|Any CPU.ActiveCfg = Debug|Any CPU
		{3F0E9621-A450-483E-89F9-7FDFD34A142A}.Debug|Any CPU.Build.0 = Debug|Any CPU
		{3F0E9621-A450-483E-89F9-7FDFD34A142A}.Release|Any CPU.ActiveCfg = Release|Any CPU
		{3F0E9621-A450-483E-89F9-7FDFD34A142A}.Release|Any CPU.Build.0 = Release|Any CPU
		{8A5A174B-A3F0-467F-9F0C-EA3093711754}.Debug|Any CPU.ActiveCfg = Debug|Any CPU
		{8A5A174B-A3F0-467F-9F0C-EA3093711754}.Debug|Any CPU.Build.0 = Debug|Any CPU
		{8A5A174B-A3F0-467F-9F0C-EA3093711754}.Release|Any CPU.ActiveCfg = Release|Any CPU
		{8A5A174B-A3F0-467F-9F0C-EA3093711754}.Release|Any CPU.Build.0 = Release|Any CPU
	EndGlobalSection
	GlobalSection(SolutionProperties) = preSolution
		HideSolutionNode = FALSE
	EndGlobalSection
EndGlobal
