
Microsoft Visual Studio Solution File, Format Version 12.00
# Visual Studio Version 17
VisualStudioVersion = 17.0.31903.59
MinimumVisualStudioVersion = 10.0.40219.1
Project("{FAE04EC0-301F-11D3-BF4B-00C04F79EFBC}") = "JustGirlyThings.Api", "JustGirlyThings.Api\JustGirlyThings.Api.csproj", "{ED97C8E7-3474-4F9E-B7A7-2381ACFAFBA6}"
EndProject
Project("{FAE04EC0-301F-11D3-BF4B-00C04F79EFBC}") = "JustGirlyThings.Common", "JustGirlyThings.Common\JustGirlyThings.Common.csproj", "{4D58151E-11FD-48BC-AC56-047CAC83B422}"
EndProject
Project("{FAE04EC0-301F-11D3-BF4B-00C04F79EFBC}") = "JustGirlyThings.Web", "JustGirlyThings.Web\JustGirlyThings.Web.csproj", "{9FD55DFF-DD8C-4052-A837-C7A60AAC32D9}"
EndProject
Global
	GlobalSection(SolutionConfigurationPlatforms) = preSolution
		Debug|Any CPU = Debug|Any CPU
		Release|Any CPU = Release|Any CPU
	EndGlobalSection
	GlobalSection(ProjectConfigurationPlatforms) = postSolution
		{ED97C8E7-3474-4F9E-B7A7-2381ACFAFBA6}.Debug|Any CPU.ActiveCfg = Debug|Any CPU
		{ED97C8E7-3474-4F9E-B7A7-2381ACFAFBA6}.Debug|Any CPU.Build.0 = Debug|Any CPU
		{ED97C8E7-3474-4F9E-B7A7-2381ACFAFBA6}.Release|Any CPU.ActiveCfg = Release|Any CPU
		{ED97C8E7-3474-4F9E-B7A7-2381ACFAFBA6}.Release|Any CPU.Build.0 = Release|Any CPU
		{4D58151E-11FD-48BC-AC56-047CAC83B422}.Debug|Any CPU.ActiveCfg = Debug|Any CPU
		{4D58151E-11FD-48BC-AC56-047CAC83B422}.Debug|Any CPU.Build.0 = Debug|Any CPU
		{4D58151E-11FD-48BC-AC56-047CAC83B422}.Release|Any CPU.ActiveCfg = Release|Any CPU
		{4D58151E-11FD-48BC-AC56-047CAC83B422}.Release|Any CPU.Build.0 = Release|Any CPU
		{9FD55DFF-DD8C-4052-A837-C7A60AAC32D9}.Debug|Any CPU.ActiveCfg = Debug|Any CPU
		{9FD55DFF-DD8C-4052-A837-C7A60AAC32D9}.Debug|Any CPU.Build.0 = Debug|Any CPU
		{9FD55DFF-DD8C-4052-A837-C7A60AAC32D9}.Release|Any CPU.ActiveCfg = Release|Any CPU
		{9FD55DFF-DD8C-4052-A837-C7A60AAC32D9}.Release|Any CPU.Build.0 = Release|Any CPU
	EndGlobalSection
	GlobalSection(SolutionProperties) = preSolution
		HideSolutionNode = FALSE
	EndGlobalSection
EndGlobal
